
Microsoft Visual Studio Solution File, Format Version 12.00
# Visual Studio Version 16
VisualStudioVersion = 25.0.1706.3
MinimumVisualStudioVersion = 10.0.40219.1
Project("{FAE04EC0-301F-11D3-BF4B-00C04F79EFBC}") = "BookStoreWeb", "BookStoreWeb\BookStoreWeb.csproj", "{1A1F1191-0481-419D-9C43-727F6AC1E639}"
EndProject
Project("{FAE04EC0-301F-11D3-BF4B-00C04F79EFBC}") = "BookStore.DataAccess", "BookStore.DataAccess\BookStore.DataAccess.csproj", "{93DA9D5C-33AB-42CF-BB66-3F7FDFB747E7}"
EndProject
Project("{FAE04EC0-301F-11D3-BF4B-00C04F79EFBC}") = "BookStore.Models", "BookStore.Models\BookStore.Models.csproj", "{7FB7EECA-C170-4A6A-AFA0-6F6503196D36}"
EndProject
Project("{FAE04EC0-301F-11D3-BF4B-00C04F79EFBC}") = "BookStore.Utility", "BookStore.Utility\BookStore.Utility.csproj", "{3E1D8AEA-3311-47C6-A645-D81848011874}"
EndProject
Global
	GlobalSection(SolutionConfigurationPlatforms) = preSolution
		Debug|Any CPU = Debug|Any CPU
		Release|Any CPU = Release|Any CPU
	EndGlobalSection
	GlobalSection(ProjectConfigurationPlatforms) = postSolution
		{1A1F1191-0481-419D-9C43-727F6AC1E639}.Debug|Any CPU.ActiveCfg = Debug|Any CPU
		{1A1F1191-0481-419D-9C43-727F6AC1E639}.Debug|Any CPU.Build.0 = Debug|Any CPU
		{1A1F1191-0481-419D-9C43-727F6AC1E639}.Release|Any CPU.ActiveCfg = Release|Any CPU
		{1A1F1191-0481-419D-9C43-727F6AC1E639}.Release|Any CPU.Build.0 = Release|Any CPU
		{93DA9D5C-33AB-42CF-BB66-3F7FDFB747E7}.Debug|Any CPU.ActiveCfg = Debug|Any CPU
		{93DA9D5C-33AB-42CF-BB66-3F7FDFB747E7}.Debug|Any CPU.Build.0 = Debug|Any CPU
		{93DA9D5C-33AB-42CF-BB66-3F7FDFB747E7}.Release|Any CPU.ActiveCfg = Release|Any CPU
		{93DA9D5C-33AB-42CF-BB66-3F7FDFB747E7}.Release|Any CPU.Build.0 = Release|Any CPU
		{7FB7EECA-C170-4A6A-AFA0-6F6503196D36}.Debug|Any CPU.ActiveCfg = Debug|Any CPU
		{7FB7EECA-C170-4A6A-AFA0-6F6503196D36}.Debug|Any CPU.Build.0 = Debug|Any CPU
		{7FB7EECA-C170-4A6A-AFA0-6F6503196D36}.Release|Any CPU.ActiveCfg = Release|Any CPU
		{7FB7EECA-C170-4A6A-AFA0-6F6503196D36}.Release|Any CPU.Build.0 = Release|Any CPU
		{3E1D8AEA-3311-47C6-A645-D81848011874}.Debug|Any CPU.ActiveCfg = Debug|Any CPU
		{3E1D8AEA-3311-47C6-A645-D81848011874}.Debug|Any CPU.Build.0 = Debug|Any CPU
		{3E1D8AEA-3311-47C6-A645-D81848011874}.Release|Any CPU.ActiveCfg = Release|Any CPU
		{3E1D8AEA-3311-47C6-A645-D81848011874}.Release|Any CPU.Build.0 = Release|Any CPU
	EndGlobalSection
	GlobalSection(SolutionProperties) = preSolution
		HideSolutionNode = FALSE
	EndGlobalSection
	GlobalSection(ExtensibilityGlobals) = postSolution
		SolutionGuid = {D8B7A53C-68F6-41F3-815A-8DC0532AD670}
	EndGlobalSection
EndGlobal
